github.com/sulkifli27/go-say-hello v1.0.0 h1:JIFo60xq4Wm1b/oynh9PHaSd8dDVVsafTivvPP7n+Dg=
github.com/sulkifli27/go-say-hello v1.0.0/go.mod h1:ETayeLZODPD589Vg5I7f2BMxUSnywmyu74PuybV4Zj0=
github.com/sulkifli27/go-say-hello v1.5.0 h1:hr9Y5q8oBk0ZhiD1JLokWim7R4MyjEDBdUMIwz815G4=
github.com/sulkifli27/go-say-hello v1.5.0/go.mod h1:ETayeLZODPD589Vg5I7f2BMxUSnywmyu74PuybV4Zj0=
github.com/sulkifli27/go-say-hello/v2 v2.0.0 h1:NGgxITDeoiA4qYlnHKeNokgy76XDEpXZytQaF89AOUM=
github.com/sulkifli27/go-say-hello/v2 v2.0.0/go.mod h1:6rdLE3R/rO5P3fddPCmTbkbE6y/XIclKDfHUcjjB7Iw=
